{
  "name": "nange",
  "version": "1.0.0",
  "lockfileVersion": 1,
  "requires": true,
  "dependencies": {
    "requset": {
      "version": "1.0.5",
      "resolved": "http://registry.npm.taobao.org/requset/download/requset-1.0.5.tgz",
      "integrity": "sha1-oFRrf7gihjdP9dm/ihQPQ1DqXio="
    }
  }
}
